{
  "name": "@eliot/swarm-muse-bridge",
  "version": "0.1.0",
  "lockfileVersion": 3,
  "requires": true,
  "packages": {
    "": {
      "name": "@eliot/swarm-muse-bridge",
      "version": "0.1.0",
      "dependencies": {
        "@muse-code/sdk": "1.3.0"
      },
      "engines": {
        "node": ">=22"
      }
    },
    "node_modules/@muse-code/sdk": {
      "version": "1.3.0",
      "resolved": "https://registry.npmjs.org/@muse-code/sdk/-/sdk-1.3.0.tgz",
      "integrity": "sha512-hl1gws0KhYa8FX7dQRsam3HwzcB/wD8NNrCzoQo9Yr2ilGBB8Mlr0DBVXFZJHFKFe7HkgeppKyYetJoCpuMdag==",
      "license": "MIT",
      "engines": {
        "node": ">=20"
      },
      "peerDependencies": {
        "@types/node": ">=20"
      },
      "peerDependenciesMeta": {
        "@types/node": {
          "optional": true
        }
      }
    }
  }
}
