# Exact references for modules/command. No secrets. This file pins the
# module's own source units and the documented vendor surface they are
# written against; it is not an installation lock for the vendor CLI.
# Text-unit hashes use UTF-8 with LF newlines, matching tracked Git content
# independently of Windows checkout line-ending conversion.
schema_version = 1
module = "runtime.command"
module_artifact_id = "command-mod-0.1.0-glue.4"
status = "fixture_verified_live_unqualified"
installed_runtime_verified = false

# The mod and glue are this project's own code (no upstream code copied).
# The sha256 values below pin the exact shipped units; UPDATE.md describes
# how a change re-pins them under a new module artifact id.
[[units]]
id = "eliot-command-mod"
path = "mod/eliot-command.ts"
sha256 = "513eaa7d6034cc22b5abf14d080888cdd3e8782133e39f859b7703db123e1f80"
role = "Pinned Command Code mod: canonical LF text digest; readiness, native event journal, inbox admission, tool readback"

[[units]]
id = "eliot-command-glue"
path = "glue.mjs"
sha256 = "c4d1ec9edb64ad65ba07852931869495f4ab0585166868f04076f84c268464f7"
role = "Headless NDJSON driver: canonical prompt binding, isolated mod control directory, saved terminal consistency and read-only reconciliation"

[[units]]
id = "eliot-command-bridge"
path = "bridge.mjs"
sha256 = "1f06a3758ba19809ca1d33f47890c3604780d11f215cdc9ddbc42be7c52a5b3f"
role = "Host module IPC adapter: core-bound one-shot task dispatch and validated saved-evidence reconciliation"

[[units]]
id = "eliot-command-ipc-transport"
path = "../claude/control.mjs"
sha256 = "25328bb9084680fd298db343e329e5988e7a6cae65530475113543a48fc2bd72"
role = "Shared newline JSON-RPC transport used by the module bridge"

# Documented vendor surface used above (official docs, accessed 2026-10-02).
# A moving web reference does not prove a function exists in an installed
# binary; the runtime matrix records the same basis.
[[native_references]]
id = "CC-MODS"
title = "Command Code Mods"
url = "https://commandcode.ai/docs/mods"
basis = "Experimental ModApi: factory file, cmd.on events, queueMessage (void), tool controls, mod_error, reload restarts the process"

[[native_references]]
id = "CC-HEADLESS"
title = "Command Code headless"
url = "https://commandcode.ai/docs/headless"
basis = "-p --output-format json NDJSON stream, final result line fields, documented exit codes"

[[native_references]]
id = "CC-AGENTS"
title = "Command Code custom agents"
url = "https://commandcode.ai/docs/agents"
basis = "Definitions re-read before the next turn; omitted tools mean an empty set"

[[native]]
name = "Command Code CLI (cmd)"
basis_version = "1.74.1 (native CLI canary observed 2026-10-02; controller module artifact remains unqualified)"
installation = "Operator-installed native executable; this module installs nothing globally and downloads nothing"
license_note = "Vendor CLI under its own terms; no vendor code is vendored here"
